{
    "name": "@rustforweb/shadcn-ui",
    "lockfileVersion": 3,
    "requires": true,
    "packages": {
        "": {
            "name": "@rustforweb/shadcn-ui",
            "license": "MIT",
            "devDependencies": {
                "@types/node": "^22.0.0",
                "prettier": "^3.2.5",
                "prettier-plugin-tailwindcss": "^0.6.0",
                "tailwindcss": "^4.0.0",
                "tailwindcss-animate": "^1.0.7"
            },
            "engines": {
                "node": ">=18"
            }
        },
        "node_modules/@types/node": {
            "version": "22.10.10",
            "resolved": "https://registry.npmjs.org/@types/node/-/node-22.10.10.tgz",
            "integrity": "sha512-X47y/mPNzxviAGY5TcYPtYL8JsY3kAq2n8fMmKoRCxq/c4v4pyGNCzM2R6+M5/umG4ZfHuT+sgqDYqWc9rJ6ww==",
            "dev": true,
            "license": "MIT",
            "dependencies": {
                "undici-types": "~6.20.0"
            }
        },
        "node_modules/prettier": {
            "version": "3.4.2",
            "resolved": "https://registry.npmjs.org/prettier/-/prettier-3.4.2.tgz",
            "integrity": "sha512-e9MewbtFo+Fevyuxn/4rrcDAaq0IYxPGLvObpQjiZBMAzB9IGmzlnG9RZy3FFas+eBMu2vA0CszMeduow5dIuQ==",
            "dev": true,
            "license": "MIT",
            "bin": {
                "prettier": "bin/prettier.cjs"
            },
            "engines": {
                "node": ">=14"
            },
            "funding": {
                "url": "https://github.com/prettier/prettier?sponsor=1"
            }
        },
        "node_modules/prettier-plugin-tailwindcss": {
            "version": "0.6.11",
            "resolved": "https://registry.npmjs.org/prettier-plugin-tailwindcss/-/prettier-plugin-tailwindcss-0.6.11.tgz",
            "integrity": "sha512-YxaYSIvZPAqhrrEpRtonnrXdghZg1irNg4qrjboCXrpybLWVs55cW2N3juhspVJiO0JBvYJT8SYsJpc8OQSnsA==",
            "dev": true,
            "license": "MIT",
            "engines": {
                "node": ">=14.21.3"
            },
            "peerDependencies": {
                "@ianvs/prettier-plugin-sort-imports": "*",
                "@prettier/plugin-pug": "*",
                "@shopify/prettier-plugin-liquid": "*",
                "@trivago/prettier-plugin-sort-imports": "*",
                "@zackad/prettier-plugin-twig": "*",
                "prettier": "^3.0",
                "prettier-plugin-astro": "*",
                "prettier-plugin-css-order": "*",
                "prettier-plugin-import-sort": "*",
                "prettier-plugin-jsdoc": "*",
                "prettier-plugin-marko": "*",
                "prettier-plugin-multiline-arrays": "*",
                "prettier-plugin-organize-attributes": "*",
                "prettier-plugin-organize-imports": "*",
                "prettier-plugin-sort-imports": "*",
                "prettier-plugin-style-order": "*",
                "prettier-plugin-svelte": "*"
            },
            "peerDependenciesMeta": {
                "@ianvs/prettier-plugin-sort-imports": {
                    "optional": true
                },
                "@prettier/plugin-pug": {
                    "optional": true
                },
                "@shopify/prettier-plugin-liquid": {
                    "optional": true
                },
                "@trivago/prettier-plugin-sort-imports": {
                    "optional": true
                },
                "@zackad/prettier-plugin-twig": {
                    "optional": true
                },
                "prettier-plugin-astro": {
                    "optional": true
                },
                "prettier-plugin-css-order": {
                    "optional": true
                },
                "prettier-plugin-import-sort": {
                    "optional": true
                },
                "prettier-plugin-jsdoc": {
                    "optional": true
                },
                "prettier-plugin-marko": {
                    "optional": true
                },
                "prettier-plugin-multiline-arrays": {
                    "optional": true
                },
                "prettier-plugin-organize-attributes": {
                    "optional": true
                },
                "prettier-plugin-organize-imports": {
                    "optional": true
                },
                "prettier-plugin-sort-imports": {
                    "optional": true
                },
                "prettier-plugin-style-order": {
                    "optional": true
                },
                "prettier-plugin-svelte": {
                    "optional": true
                }
            }
        },
        "node_modules/tailwindcss": {
            "version": "4.0.3",
            "resolved": "https://registry.npmjs.org/tailwindcss/-/tailwindcss-4.0.3.tgz",
            "integrity": "sha512-ImmZF0Lon5RrQpsEAKGxRvHwCvMgSC4XVlFRqmbzTEDb/3wvin9zfEZrMwgsa3yqBbPqahYcVI6lulM2S7IZAA==",
            "dev": true,
            "license": "MIT"
        },
        "node_modules/tailwindcss-animate": {
            "version": "1.0.7",
            "resolved": "https://registry.npmjs.org/tailwindcss-animate/-/tailwindcss-animate-1.0.7.tgz",
            "integrity": "sha512-bl6mpH3T7I3UFxuvDEXLxy/VuFxBk5bbzplh7tXI68mwMokNYd1t9qPBHlnyTwfa4JGC4zP516I1hYYtQ/vspA==",
            "dev": true,
            "peerDependencies": {
                "tailwindcss": ">=3.0.0 || insiders"
            }
        },
        "node_modules/undici-types": {
            "version": "6.20.0",
            "resolved": "https://registry.npmjs.org/undici-types/-/undici-types-6.20.0.tgz",
            "integrity": "sha512-Ny6QZ2Nju20vw1SRHe3d9jVu6gJ+4e3+MMpqu7pqE5HT6WsTSlce++GQmK5UXS8mzV8DSYHrQH+Xrf2jVcuKNg==",
            "dev": true,
            "license": "MIT"
        }
    }
}
